
Microsoft Visual Studio Solution File, Format Version 12.00
# Visual Studio Version 16
VisualStudioVersion = 16.0.30804.86
MinimumVisualStudioVersion = 10.0.40219.1
Project("{FAE04EC0-301F-11D3-BF4B-00C04F79EFBC}") = "AulpagCollecte", "AulpagCollecte\AulpagCollecte.csproj", "{81E04938-F203-422D-AE33-B630DDD0CA09}"
EndProject
Global
	GlobalSection(SolutionConfigurationPlatforms) = preSolution
		Debug|Any CPU = Debug|Any CPU
		Release|Any CPU = Release|Any CPU
	EndGlobalSection
	GlobalSection(ProjectConfigurationPlatforms) = postSolution
		{81E04938-F203-422D-AE33-B630DDD0CA09}.Debug|Any CPU.ActiveCfg = Debug|Any CPU
		{81E04938-F203-422D-AE33-B630DDD0CA09}.Debug|Any CPU.Build.0 = Debug|Any CPU
		{81E04938-F203-422D-AE33-B630DDD0CA09}.Release|Any CPU.ActiveCfg = Release|Any CPU
		{81E04938-F203-422D-AE33-B630DDD0CA09}.Release|Any CPU.Build.0 = Release|Any CPU
	EndGlobalSection
	GlobalSection(SolutionProperties) = preSolution
		HideSolutionNode = FALSE
	EndGlobalSection
	GlobalSection(ExtensibilityGlobals) = postSolution
		SolutionGuid = {0E59858A-BE21-4162-A42C-2F2BEA6CF89C}
	EndGlobalSection
EndGlobal
